{
  "nodes": {
    "advisory-db": {
      "flake": false,
      "locked": {
        "lastModified": 1784741571,
        "narHash": "sha256-ZAK7+XkYOnLGpa7boc5RGtIpWrS7nt6glXCKjcIpV7U=",
        "owner": "rustsec",
        "repo": "advisory-db",
        "rev": "b54e9b51596ad6a02ca5355c1f2743cc5b5d502f",
        "type": "github"
      },
      "original": {
        "owner": "rustsec",
        "repo": "advisory-db",
        "type": "github"
      }
    },
    "crane": {
      "locked": {
        "lastModified": 1784564969,
        "narHash": "sha256-TkTWNhJV/8Wk3czlbz4bwHZkFCaCHPsOy+oJe4PUiXg=",
        "owner": "ipetkov",
        "repo": "crane",
        "rev": "7930f6c291de6f83c257839d434592aa085f290a",
        "type": "github"
      },
      "original": {
        "owner": "ipetkov",
        "repo": "crane",
        "type": "github"
      }
    },
    "drowse": {
      "inputs": {
        "flake-parts": "flake-parts",
        "haumea": "haumea",
        "nixpkgs": "nixpkgs"
      },
      "locked": {
        "lastModified": 1788621051,
        "narHash": "sha256-tjzvEGutunU361xFt3CAJ1HAMSlt9rGS0qfOP48cG3s=",
        "owner": "figsoda",
        "repo": "drowse",
        "rev": "898779e0b1c15d005638c3c217fdb8bf30f2d7c4",
        "type": "github"
      },
      "original": {
        "owner": "figsoda",
        "repo": "drowse",
        "type": "github"
      }
    },
    "dyndrv": {
      "inputs": {
        "nix": "nix",
        "nixpkgs": [
          "nixpkgs"
        ]
      },
      "locked": {
        "lastModified": 1789369949,
        "narHash": "sha256-SRP7eRsw05fLgHA+s5SnPMXGyDTTMKluwOrzs2AMA1Q=",
        "owner": "tomberek",
        "repo": "dyn-drvs",
        "rev": "227b1a627d2b1f07b4aacacd0f2b912c87c915a1",
        "type": "github"
      },
      "original": {
        "owner": "tomberek",
        "repo": "dyn-drvs",
        "type": "github"
      }
    },
    "fenix": {
      "inputs": {
        "nixpkgs": [
          "nixNinja",
          "nixpkgs"
        ],
        "rust-analyzer-src": [
          "nixNinja"
        ]
      },
      "locked": {
        "lastModified": 1784709340,
        "narHash": "sha256-qsmQMPL+qInjXfdjX0RquObSKcs5h/4D63IWH9j4+Ro=",
        "owner": "nix-community",
        "repo": "fenix",
        "rev": "fa09e6473a0dfd673e6cb9a37741aec513b4bb2a",
        "type": "github"
      },
      "original": {
        "owner": "nix-community",
        "repo": "fenix",
        "type": "github"
      }
    },
    "ffmpeg-src": {
      "flake": false,
      "locked": {
        "lastModified": 1757877609,
        "narHash": "sha256-e67oRv0L0zTNtRXaL7YUsuYGTPL8EH4ATXBsZzP5pTA=",
        "type": "tarball",
        "url": "https://ffmpeg.org/releases/ffmpeg-7.1.2.tar.xz"
      },
      "original": {
        "type": "tarball",
        "url": "https://ffmpeg.org/releases/ffmpeg-7.1.2.tar.xz"
      }
    },
    "flake-compat": {
      "flake": false,
      "locked": {
        "lastModified": 1767039857,
        "narHash": "sha256-vNpUSpF5Nuw8xvDLj2KCwwksIbjua2LZCqhV1LNRDns=",
        "owner": "NixOS",
        "repo": "flake-compat",
        "rev": "5edf11c44bc78a0d334f6334cdaf7d60d732daab",
        "type": "github"
      },
      "original": {
        "owner": "NixOS",
        "repo": "flake-compat",
        "type": "github"
      }
    },
    "flake-compat_2": {
      "flake": false,
      "locked": {
        "lastModified": 1767039857,
        "narHash": "sha256-vNpUSpF5Nuw8xvDLj2KCwwksIbjua2LZCqhV1LNRDns=",
        "owner": "edolstra",
        "repo": "flake-compat",
        "rev": "5edf11c44bc78a0d334f6334cdaf7d60d732daab",
        "type": "github"
      },
      "original": {
        "owner": "edolstra",
        "repo": "flake-compat",
        "type": "github"
      }
    },
    "flake-compat_3": {
      "flake": false,
      "locked": {
        "lastModified": 1767039857,
        "narHash": "sha256-vNpUSpF5Nuw8xvDLj2KCwwksIbjua2LZCqhV1LNRDns=",
        "owner": "NixOS",
        "repo": "flake-compat",
        "rev": "5edf11c44bc78a0d334f6334cdaf7d60d732daab",
        "type": "github"
      },
      "original": {
        "owner": "NixOS",
        "repo": "flake-compat",
        "type": "github"
      }
    },
    "flake-compat_4": {
      "flake": false,
      "locked": {
        "lastModified": 1767039857,
        "narHash": "sha256-vNpUSpF5Nuw8xvDLj2KCwwksIbjua2LZCqhV1LNRDns=",
        "owner": "NixOS",
        "repo": "flake-compat",
        "rev": "5edf11c44bc78a0d334f6334cdaf7d60d732daab",
        "type": "github"
      },
      "original": {
        "owner": "NixOS",
        "repo": "flake-compat",
        "type": "github"
      }
    },
    "flake-parts": {
      "inputs": {
        "nixpkgs-lib": [
          "drowse",
          "nixpkgs"
        ]
      },
      "locked": {
        "lastModified": 1787559586,
        "narHash": "sha256-onL0VLf9vPllmT0H/OlURIU5r5t5WIEl7t4tVNKT0Nw=",
        "owner": "hercules-ci",
        "repo": "flake-parts",
        "rev": "9d0d87172c374f89da73c1cfe6d81ae62feac1f1",
        "type": "github"
      },
      "original": {
        "owner": "hercules-ci",
        "repo": "flake-parts",
        "type": "github"
      }
    },
    "flake-parts_2": {
      "inputs": {
        "nixpkgs-lib": [
          "dyndrv",
          "nix",
          "nixpkgs"
        ]
      },
      "locked": {
        "lastModified": 1782949081,
        "narHash": "sha256-vp6Y/Grm98ESt6ceOkWiHWyZRDV3J1RID4w+6NWK9yA=",
        "owner": "hercules-ci",
        "repo": "flake-parts",
        "rev": "17c9d6cdfc60c64f4ee8d306f9bc0b4ccb51481e",
        "type": "github"
      },
      "original": {
        "owner": "hercules-ci",
        "repo": "flake-parts",
        "type": "github"
      }
    },
    "flake-parts_3": {
      "inputs": {
        "nixpkgs-lib": [
          "nixNinja",
          "nixpkgs"
        ]
      },
      "locked": {
        "lastModified": 1782949081,
        "narHash": "sha256-vp6Y/Grm98ESt6ceOkWiHWyZRDV3J1RID4w+6NWK9yA=",
        "owner": "hercules-ci",
        "repo": "flake-parts",
        "rev": "17c9d6cdfc60c64f4ee8d306f9bc0b4ccb51481e",
        "type": "github"
      },
      "original": {
        "owner": "hercules-ci",
        "repo": "flake-parts",
        "type": "github"
      }
    },
    "flake-parts_4": {
      "inputs": {
        "nixpkgs-lib": [
          "nixNinja",
          "nix",
          "nixpkgs"
        ]
      },
      "locked": {
        "lastModified": 1782949081,
        "narHash": "sha256-vp6Y/Grm98ESt6ceOkWiHWyZRDV3J1RID4w+6NWK9yA=",
        "owner": "hercules-ci",
        "repo": "flake-parts",
        "rev": "17c9d6cdfc60c64f4ee8d306f9bc0b4ccb51481e",
        "type": "github"
      },
      "original": {
        "owner": "hercules-ci",
        "repo": "flake-parts",
        "type": "github"
      }
    },
    "flake-parts_5": {
      "inputs": {
        "nixpkgs-lib": [
          "nixgg",
          "nix-15793",
          "nixpkgs"
        ]
      },
      "locked": {
        "lastModified": 1782949081,
        "narHash": "sha256-vp6Y/Grm98ESt6ceOkWiHWyZRDV3J1RID4w+6NWK9yA=",
        "owner": "hercules-ci",
        "repo": "flake-parts",
        "rev": "17c9d6cdfc60c64f4ee8d306f9bc0b4ccb51481e",
        "type": "github"
      },
      "original": {
        "owner": "hercules-ci",
        "repo": "flake-parts",
        "type": "github"
      }
    },
    "fmt-src": {
      "flake": false,
      "locked": {
        "lastModified": 1721485058,
        "narHash": "sha256-IKNt4xUoVi750zBti5iJJcCk3zivTt7nU12RIf8pM+0=",
        "owner": "fmtlib",
        "repo": "fmt",
        "rev": "0c9fce2ffefecfdce794e1859584e25877b7b592",
        "type": "github"
      },
      "original": {
        "owner": "fmtlib",
        "ref": "11.0.2",
        "repo": "fmt",
        "type": "github"
      }
    },
    "gcc-src": {
      "flake": false,
      "locked": {
        "lastModified": 1781246212,
        "narHash": "sha256-knrCP4LNU8w2tuTofFPSfLTvMw/idlKnFbanFcoNHAs=",
        "type": "tarball",
        "url": "https://ftp.gnu.org/gnu/gcc/gcc-15.3.0/gcc-15.3.0.tar.xz"
      },
      "original": {
        "type": "tarball",
        "url": "https://ftp.gnu.org/gnu/gcc/gcc-15.3.0/gcc-15.3.0.tar.xz"
      }
    },
    "git-hooks-nix": {
      "inputs": {
        "flake-compat": [
          "dyndrv",
          "nix"
        ],
        "nixpkgs": [
          "dyndrv",
          "nix",
          "nixpkgs"
        ]
      },
      "locked": {
        "lastModified": 1783008725,
        "narHash": "sha256-jGiy6+sxjNWXSjp25uoJuNfyH9zBK1PEDY0lVoL4ibQ=",
        "owner": "cachix",
        "repo": "git-hooks.nix",
        "rev": "bca82caa46d5ec0f5d422c61fb1e30bc51313cbe",
        "type": "github"
      },
      "original": {
        "owner": "cachix",
        "repo": "git-hooks.nix",
        "type": "github"
      }
    },
    "git-hooks-nix_2": {
      "inputs": {
        "flake-compat": [
          "nixNinja",
          "nix"
        ],
        "nixpkgs": [
          "nixNinja",
          "nix",
          "nixpkgs"
        ]
      },
      "locked": {
        "lastModified": 1783008725,
        "narHash": "sha256-jGiy6+sxjNWXSjp25uoJuNfyH9zBK1PEDY0lVoL4ibQ=",
        "owner": "cachix",
        "repo": "git-hooks.nix",
        "rev": "bca82caa46d5ec0f5d422c61fb1e30bc51313cbe",
        "type": "github"
      },
      "original": {
        "owner": "cachix",
        "repo": "git-hooks.nix",
        "type": "github"
      }
    },
    "git-hooks-nix_3": {
      "inputs": {
        "flake-compat": [
          "nixgg",
          "nix-15793"
        ],
        "nixpkgs": [
          "nixgg",
          "nix-15793",
          "nixpkgs"
        ]
      },
      "locked": {
        "lastModified": 1783008725,
        "narHash": "sha256-jGiy6+sxjNWXSjp25uoJuNfyH9zBK1PEDY0lVoL4ibQ=",
        "owner": "cachix",
        "repo": "git-hooks.nix",
        "rev": "bca82caa46d5ec0f5d422c61fb1e30bc51313cbe",
        "type": "github"
      },
      "original": {
        "owner": "cachix",
        "repo": "git-hooks.nix",
        "type": "github"
      }
    },
    "globset": {
      "inputs": {
        "nixpkgs-lib": [
          "nixNinja",
          "nixpkgs"
        ]
      },
      "locked": {
        "lastModified": 1756146523,
        "narHash": "sha256-dn8WNgwVQe0xBJ/d4CiRRcEVSgNclG6WSbqFEf6V024=",
        "owner": "pdtpartners",
        "repo": "globset",
        "rev": "62da8904981f01dc7c97f56c3ea4f131a8393411",
        "type": "github"
      },
      "original": {
        "owner": "pdtpartners",
        "repo": "globset",
        "type": "github"
      }
    },
    "harmonia": {
      "flake": false,
      "locked": {
        "lastModified": 1784734208,
        "narHash": "sha256-fKJ0H/8sSkolq37PfWLsHX7evNWZE2AQRkgMgjg3bzc=",
        "owner": "nix-community",
        "repo": "harmonia",
        "rev": "b7c7777f422ff42ce637f6b2f356c2dbac2d3db4",
        "type": "github"
      },
      "original": {
        "owner": "nix-community",
        "repo": "harmonia",
        "type": "github"
      }
    },
    "haumea": {
      "inputs": {
        "nixpkgs": [
          "drowse",
          "nixpkgs"
        ]
      },
      "locked": {
        "lastModified": 1685133229,
        "narHash": "sha256-FePm/Gi9PBSNwiDFq3N+DWdfxFq0UKsVVTJS3cQPn94=",
        "owner": "nix-community",
        "repo": "haumea",
        "rev": "34dd58385092a23018748b50f9b23de6266dffc2",
        "type": "github"
      },
      "original": {
        "owner": "nix-community",
        "ref": "v0.2.2",
        "repo": "haumea",
        "type": "github"
      }
    },
    "igraph": {
      "flake": false,
      "locked": {
        "lastModified": 1743130305,
        "narHash": "sha256-W5YuVwtdJnNbFY2PbcJ/pM0P6gL+jFZLjvxLnHuugvw=",
        "owner": "hinshun",
        "repo": "igraph",
        "rev": "eb14705fc01b1732f4fe94a5bb6cbd319d9afb0e",
        "type": "github"
      },
      "original": {
        "owner": "hinshun",
        "ref": "performance-improvements",
        "repo": "igraph",
        "type": "github"
      }
    },
    "llvm-src": {
      "flake": false,
      "locked": {
        "lastModified": 1736847662,
        "narHash": "sha256-cZAB5vZjeTsXt9QHbP5xluWNQnAHByHtHnAhVDV0E6I=",
        "owner": "llvm",
        "repo": "llvm-project",
        "rev": "cd708029e0b2869e80abe31ddb175f7c35361f90",
        "type": "github"
      },
      "original": {
        "owner": "llvm",
        "ref": "llvmorg-19.1.7",
        "repo": "llvm-project",
        "type": "github"
      }
    },
    "lua-src": {
      "flake": false,
      "locked": {
        "lastModified": 1718316991,
        "narHash": "sha256-o1jnQCcnlk2OXU4Cc8X7bJiOU2QN92vd91TtBhNM/hU=",
        "type": "tarball",
        "url": "https://www.lua.org/ftp/lua-5.4.7.tar.gz"
      },
      "original": {
        "type": "tarball",
        "url": "https://www.lua.org/ftp/lua-5.4.7.tar.gz"
      }
    },
    "mosh-src": {
      "flake": false,
      "locked": {
        "lastModified": 1774210813,
        "narHash": "sha256-SsIj2JCDw7qkJ0NiX0FEQVYM0ATFpC9O/m7jycri0nU=",
        "owner": "mobile-shell",
        "repo": "mosh",
        "rev": "decd9b705eb81626f694335b8d5940538beb06da",
        "type": "github"
      },
      "original": {
        "owner": "mobile-shell",
        "repo": "mosh",
        "type": "github"
      }
    },
    "n2": {
      "flake": false,
      "locked": {
        "lastModified": 1745369924,
        "narHash": "sha256-3dcRDOJLaAL4lA48fq2ZziMh1eMuQIe8KfbgPVsrJT4=",
        "owner": "hinshun",
        "repo": "n2",
        "rev": "341b5112f69bd77a4345a0855fafd14a73d2689a",
        "type": "github"
      },
      "original": {
        "owner": "hinshun",
        "ref": "feature/minimal-pub",
        "repo": "n2",
        "type": "github"
      }
    },
    "nix": {
      "inputs": {
        "flake-compat": "flake-compat",
        "flake-parts": "flake-parts_2",
        "git-hooks-nix": "git-hooks-nix",
        "nixpkgs": "nixpkgs_2",
        "nixpkgs-23-11": "nixpkgs-23-11",
        "nixpkgs-regression": "nixpkgs-regression"
      },
      "locked": {
        "lastModified": 1788552178,
        "narHash": "sha256-MYUUwkSnDt+Hn5HUvPJ7f54umm/XGrRFVtLR52tWy2o=",
        "owner": "nixos",
        "repo": "nix",
        "rev": "0765ffa540e2adfda7b69efafdbac821ebc48034",
        "type": "github"
      },
      "original": {
        "owner": "nixos",
        "repo": "nix",
        "type": "github"
      }
    },
    "nix-15793": {
      "inputs": {
        "flake-compat": "flake-compat_4",
        "flake-parts": "flake-parts_5",
        "git-hooks-nix": "git-hooks-nix_3",
        "nixpkgs": "nixpkgs_4",
        "nixpkgs-23-11": "nixpkgs-23-11_2",
        "nixpkgs-regression": "nixpkgs-regression_2"
      },
      "locked": {
        "lastModified": 1785708834,
        "narHash": "sha256-aOAsikSo5+RrGMMpdF0n1vj1EavH/tFJ6bfP03+gaSs=",
        "owner": "NixOS",
        "repo": "nix",
        "rev": "8307c48d25b90582c3e49999cee4a7a46495d2b7",
        "type": "github"
      },
      "original": {
        "owner": "NixOS",
        "repo": "nix",
        "type": "github"
      }
    },
    "nixNinja": {
      "inputs": {
        "advisory-db": "advisory-db",
        "crane": "crane",
        "fenix": "fenix",
        "flake-compat": "flake-compat_2",
        "flake-parts": "flake-parts_3",
        "globset": "globset",
        "harmonia": "harmonia",
        "igraph": "igraph",
        "n2": "n2",
        "nix": "nix_2",
        "nixpkgs": "nixpkgs_3"
      },
      "locked": {
        "lastModified": 1784774709,
        "narHash": "sha256-8PuD7G/xJw3rmyfTbeAxCC12hfg5W/F/ySX2YQjZsu4=",
        "owner": "pdtpartners",
        "repo": "nix-ninja",
        "rev": "9a07e673db62566766f6cab1d846530048946a70",
        "type": "github"
      },
      "original": {
        "owner": "pdtpartners",
        "repo": "nix-ninja",
        "type": "github"
      }
    },
    "nix_2": {
      "inputs": {
        "flake-compat": "flake-compat_3",
        "flake-parts": "flake-parts_4",
        "git-hooks-nix": "git-hooks-nix_2",
        "nixpkgs": [
          "nixNinja",
          "nixpkgs"
        ],
        "nixpkgs-23-11": [
          "nixNinja"
        ],
        "nixpkgs-regression": [
          "nixNinja"
        ]
      },
      "locked": {
        "lastModified": 1784740736,
        "narHash": "sha256-LRcJe3fhUql3gXZlJST2OOFZuZSxc4garaG4t2G9dEo=",
        "owner": "NixOS",
        "repo": "nix",
        "rev": "bcd3bec7e9cb6561ece0b8e9dc131673bd6072fd",
        "type": "github"
      },
      "original": {
        "owner": "NixOS",
        "repo": "nix",
        "type": "github"
      }
    },
    "nixgg": {
      "inputs": {
        "ffmpeg-src": "ffmpeg-src",
        "fmt-src": "fmt-src",
        "gcc-src": "gcc-src",
        "llvm-src": "llvm-src",
        "lua-src": "lua-src",
        "mosh-src": "mosh-src",
        "nix-15793": "nix-15793",
        "nixpkgs": [
          "nixpkgs"
        ],
        "redis-src": "redis-src"
      },
      "locked": {
        "lastModified": 1787939553,
        "narHash": "sha256-N2h2/L2VJ34etJ9SbLhMR03RYdSjdLstAtmfWIMi134=",
        "owner": "tomberek",
        "repo": "nixgg",
        "rev": "976a9308449e64e22ab6e81a4c54f1bfc827603e",
        "type": "github"
      },
      "original": {
        "owner": "tomberek",
        "repo": "nixgg",
        "type": "github"
      }
    },
    "nixpkgs": {
      "locked": {
        "lastModified": 1787736819,
        "narHash": "sha256-cV5xEJJK3BvhU8rEd4mC9UsmDi5qscv/kzGPhBRC5WA=",
        "owner": "nixos",
        "repo": "nixpkgs",
        "rev": "9fbb54b33e91ee4ca368e35a78e0613c720600b3",
        "type": "github"
      },
      "original": {
        "owner": "nixos",
        "ref": "nixos-unstable",
        "repo": "nixpkgs",
        "type": "github"
      }
    },
    "nixpkgs-23-11": {
      "locked": {
        "lastModified": 1717159533,
        "narHash": "sha256-oamiKNfr2MS6yH64rUn99mIZjc45nGJlj9eGth/3Xuw=",
        "owner": "NixOS",
        "repo": "nixpkgs",
        "rev": "a62e6edd6d5e1fa0329b8653c801147986f8d446",
        "type": "github"
      },
      "original": {
        "owner": "NixOS",
        "repo": "nixpkgs",
        "rev": "a62e6edd6d5e1fa0329b8653c801147986f8d446",
        "type": "github"
      }
    },
    "nixpkgs-23-11_2": {
      "locked": {
        "lastModified": 1717159533,
        "narHash": "sha256-oamiKNfr2MS6yH64rUn99mIZjc45nGJlj9eGth/3Xuw=",
        "owner": "NixOS",
        "repo": "nixpkgs",
        "rev": "a62e6edd6d5e1fa0329b8653c801147986f8d446",
        "type": "github"
      },
      "original": {
        "owner": "NixOS",
        "repo": "nixpkgs",
        "rev": "a62e6edd6d5e1fa0329b8653c801147986f8d446",
        "type": "github"
      }
    },
    "nixpkgs-regression": {
      "locked": {
        "lastModified": 1643052045,
        "narHash": "sha256-uGJ0VXIhWKGXxkeNnq4TvV3CIOkUJ3PAoLZ3HMzNVMw=",
        "owner": "NixOS",
        "repo": "nixpkgs",
        "rev": "215d4d0fd80ca5163643b03a33fde804a29cc1e2",
        "type": "github"
      },
      "original": {
        "owner": "NixOS",
        "repo": "nixpkgs",
        "rev": "215d4d0fd80ca5163643b03a33fde804a29cc1e2",
        "type": "github"
      }
    },
    "nixpkgs-regression_2": {
      "locked": {
        "lastModified": 1643052045,
        "narHash": "sha256-uGJ0VXIhWKGXxkeNnq4TvV3CIOkUJ3PAoLZ3HMzNVMw=",
        "owner": "NixOS",
        "repo": "nixpkgs",
        "rev": "215d4d0fd80ca5163643b03a33fde804a29cc1e2",
        "type": "github"
      },
      "original": {
        "owner": "NixOS",
        "repo": "nixpkgs",
        "rev": "215d4d0fd80ca5163643b03a33fde804a29cc1e2",
        "type": "github"
      }
    },
    "nixpkgs_2": {
      "locked": {
        "lastModified": 1783148766,
        "narHash": "sha256-H9+N+GFtsbVC8ZniHliChM7ndizxtqVZs6bnGOLM3WQ=",
        "rev": "a50de1b7d8a586adc18d2395c19de7d6058e6030",
        "type": "tarball",
        "url": "https://releases.nixos.org/nixos/26.05/nixos-26.05.4193.a50de1b7d8a5/nixexprs.tar.xz"
      },
      "original": {
        "type": "tarball",
        "url": "https://channels.nixos.org/nixos-26.05/nixexprs.tar.xz"
      }
    },
    "nixpkgs_3": {
      "locked": {
        "lastModified": 1784432872,
        "narHash": "sha256-n3gKTBIV4ZA5VQpUakffBe3KGu4+mhPoA34rrqS0GkA=",
        "owner": "NixOS",
        "repo": "nixpkgs",
        "rev": "fd1462031fdee08f65fd0b4c6b64e22239a77870",
        "type": "github"
      },
      "original": {
        "owner": "NixOS",
        "ref": "nixos-26.05",
        "repo": "nixpkgs",
        "type": "github"
      }
    },
    "nixpkgs_4": {
      "locked": {
        "lastModified": 1783148766,
        "narHash": "sha256-H9+N+GFtsbVC8ZniHliChM7ndizxtqVZs6bnGOLM3WQ=",
        "rev": "a50de1b7d8a586adc18d2395c19de7d6058e6030",
        "type": "tarball",
        "url": "https://releases.nixos.org/nixos/26.05/nixos-26.05.4193.a50de1b7d8a5/nixexprs.tar.xz"
      },
      "original": {
        "type": "tarball",
        "url": "https://channels.nixos.org/nixos-26.05/nixexprs.tar.xz"
      }
    },
    "nixpkgs_5": {
      "locked": {
        "lastModified": 1789264731,
        "narHash": "sha256-llGJbC0CcU8DfROr6mZjRJgMLQd/SKwfpzxJH/2lHO4=",
        "owner": "nixos",
        "repo": "nixpkgs",
        "rev": "02f5696b0e6097e589076d886b317b83ff0437d7",
        "type": "github"
      },
      "original": {
        "owner": "nixos",
        "ref": "nixpkgs-unstable",
        "repo": "nixpkgs",
        "type": "github"
      }
    },
    "redis-src": {
      "flake": false,
      "locked": {
        "lastModified": 1759439623,
        "narHash": "sha256-0TMUSNCrDEtOkojcmFFhmLQ0ghyLAn+OS4xl4Sbr76c=",
        "owner": "redis",
        "repo": "redis",
        "rev": "d85b5f4c2cc597da78989bc48d6b38b895c186f6",
        "type": "github"
      },
      "original": {
        "owner": "redis",
        "ref": "8.2.2",
        "repo": "redis",
        "type": "github"
      }
    },
    "root": {
      "inputs": {
        "drowse": "drowse",
        "dyndrv": "dyndrv",
        "nixNinja": "nixNinja",
        "nixgg": "nixgg",
        "nixpkgs": "nixpkgs_5"
      }
    }
  },
  "root": "root",
  "version": 7
}
