{
  "nodes": {
    "dyndrv": {
      "inputs": {
        "nix": "nix",
        "nixpkgs": [
          "nixpkgs"
        ]
      },
      "locked": {
        "lastModified": 1789326186,
        "narHash": "sha256-Luqq/qBjqmVtd0fL8MAt9sxl5XoPE2bvyA3eNFqv7pI=",
        "owner": "tomberek",
        "repo": "dyn-drvs",
        "rev": "dc6dc0a22514ba7c5ae231948c5d90a589803dae",
        "type": "github"
      },
      "original": {
        "owner": "tomberek",
        "repo": "dyn-drvs",
        "type": "github"
      }
    },
    "ffmpeg-src": {
      "flake": false,
      "locked": {
        "lastModified": 1757877609,
        "narHash": "sha256-e67oRv0L0zTNtRXaL7YUsuYGTPL8EH4ATXBsZzP5pTA=",
        "type": "tarball",
        "url": "https://ffmpeg.org/releases/ffmpeg-7.1.2.tar.xz"
      },
      "original": {
        "type": "tarball",
        "url": "https://ffmpeg.org/releases/ffmpeg-7.1.2.tar.xz"
      }
    },
    "flake-compat": {
      "flake": false,
      "locked": {
        "lastModified": 1767039857,
        "narHash": "sha256-vNpUSpF5Nuw8xvDLj2KCwwksIbjua2LZCqhV1LNRDns=",
        "owner": "NixOS",
        "repo": "flake-compat",
        "rev": "5edf11c44bc78a0d334f6334cdaf7d60d732daab",
        "type": "github"
      },
      "original": {
        "owner": "NixOS",
        "repo": "flake-compat",
        "type": "github"
      }
    },
    "flake-compat_2": {
      "flake": false,
      "locked": {
        "lastModified": 1767039857,
        "narHash": "sha256-vNpUSpF5Nuw8xvDLj2KCwwksIbjua2LZCqhV1LNRDns=",
        "owner": "NixOS",
        "repo": "flake-compat",
        "rev": "5edf11c44bc78a0d334f6334cdaf7d60d732daab",
        "type": "github"
      },
      "original": {
        "owner": "NixOS",
        "repo": "flake-compat",
        "type": "github"
      }
    },
    "flake-parts": {
      "inputs": {
        "nixpkgs-lib": [
          "dyndrv",
          "nix",
          "nixpkgs"
        ]
      },
      "locked": {
        "lastModified": 1782949081,
        "narHash": "sha256-vp6Y/Grm98ESt6ceOkWiHWyZRDV3J1RID4w+6NWK9yA=",
        "owner": "hercules-ci",
        "repo": "flake-parts",
        "rev": "17c9d6cdfc60c64f4ee8d306f9bc0b4ccb51481e",
        "type": "github"
      },
      "original": {
        "owner": "hercules-ci",
        "repo": "flake-parts",
        "type": "github"
      }
    },
    "flake-parts_2": {
      "inputs": {
        "nixpkgs-lib": [
          "nixgg",
          "nix-15793",
          "nixpkgs"
        ]
      },
      "locked": {
        "lastModified": 1782949081,
        "narHash": "sha256-vp6Y/Grm98ESt6ceOkWiHWyZRDV3J1RID4w+6NWK9yA=",
        "owner": "hercules-ci",
        "repo": "flake-parts",
        "rev": "17c9d6cdfc60c64f4ee8d306f9bc0b4ccb51481e",
        "type": "github"
      },
      "original": {
        "owner": "hercules-ci",
        "repo": "flake-parts",
        "type": "github"
      }
    },
    "fmt-src": {
      "flake": false,
      "locked": {
        "lastModified": 1721485058,
        "narHash": "sha256-IKNt4xUoVi750zBti5iJJcCk3zivTt7nU12RIf8pM+0=",
        "owner": "fmtlib",
        "repo": "fmt",
        "rev": "0c9fce2ffefecfdce794e1859584e25877b7b592",
        "type": "github"
      },
      "original": {
        "owner": "fmtlib",
        "ref": "11.0.2",
        "repo": "fmt",
        "type": "github"
      }
    },
    "gcc-src": {
      "flake": false,
      "locked": {
        "lastModified": 1781246212,
        "narHash": "sha256-knrCP4LNU8w2tuTofFPSfLTvMw/idlKnFbanFcoNHAs=",
        "type": "tarball",
        "url": "https://ftp.gnu.org/gnu/gcc/gcc-15.3.0/gcc-15.3.0.tar.xz"
      },
      "original": {
        "type": "tarball",
        "url": "https://ftp.gnu.org/gnu/gcc/gcc-15.3.0/gcc-15.3.0.tar.xz"
      }
    },
    "git-hooks-nix": {
      "inputs": {
        "flake-compat": [
          "dyndrv",
          "nix"
        ],
        "nixpkgs": [
          "dyndrv",
          "nix",
          "nixpkgs"
        ]
      },
      "locked": {
        "lastModified": 1783008725,
        "narHash": "sha256-jGiy6+sxjNWXSjp25uoJuNfyH9zBK1PEDY0lVoL4ibQ=",
        "owner": "cachix",
        "repo": "git-hooks.nix",
        "rev": "bca82caa46d5ec0f5d422c61fb1e30bc51313cbe",
        "type": "github"
      },
      "original": {
        "owner": "cachix",
        "repo": "git-hooks.nix",
        "type": "github"
      }
    },
    "git-hooks-nix_2": {
      "inputs": {
        "flake-compat": [
          "nixgg",
          "nix-15793"
        ],
        "nixpkgs": [
          "nixgg",
          "nix-15793",
          "nixpkgs"
        ]
      },
      "locked": {
        "lastModified": 1783008725,
        "narHash": "sha256-jGiy6+sxjNWXSjp25uoJuNfyH9zBK1PEDY0lVoL4ibQ=",
        "owner": "cachix",
        "repo": "git-hooks.nix",
        "rev": "bca82caa46d5ec0f5d422c61fb1e30bc51313cbe",
        "type": "github"
      },
      "original": {
        "owner": "cachix",
        "repo": "git-hooks.nix",
        "type": "github"
      }
    },
    "llvm-src": {
      "flake": false,
      "locked": {
        "lastModified": 1736847662,
        "narHash": "sha256-cZAB5vZjeTsXt9QHbP5xluWNQnAHByHtHnAhVDV0E6I=",
        "owner": "llvm",
        "repo": "llvm-project",
        "rev": "cd708029e0b2869e80abe31ddb175f7c35361f90",
        "type": "github"
      },
      "original": {
        "owner": "llvm",
        "ref": "llvmorg-19.1.7",
        "repo": "llvm-project",
        "type": "github"
      }
    },
    "lua-src": {
      "flake": false,
      "locked": {
        "lastModified": 1718316991,
        "narHash": "sha256-o1jnQCcnlk2OXU4Cc8X7bJiOU2QN92vd91TtBhNM/hU=",
        "type": "tarball",
        "url": "https://www.lua.org/ftp/lua-5.4.7.tar.gz"
      },
      "original": {
        "type": "tarball",
        "url": "https://www.lua.org/ftp/lua-5.4.7.tar.gz"
      }
    },
    "mosh-src": {
      "flake": false,
      "locked": {
        "lastModified": 1774210813,
        "narHash": "sha256-SsIj2JCDw7qkJ0NiX0FEQVYM0ATFpC9O/m7jycri0nU=",
        "owner": "mobile-shell",
        "repo": "mosh",
        "rev": "decd9b705eb81626f694335b8d5940538beb06da",
        "type": "github"
      },
      "original": {
        "owner": "mobile-shell",
        "repo": "mosh",
        "type": "github"
      }
    },
    "nix": {
      "inputs": {
        "flake-compat": "flake-compat",
        "flake-parts": "flake-parts",
        "git-hooks-nix": "git-hooks-nix",
        "nixpkgs": "nixpkgs",
        "nixpkgs-23-11": "nixpkgs-23-11",
        "nixpkgs-regression": "nixpkgs-regression"
      },
      "locked": {
        "lastModified": 1788552178,
        "narHash": "sha256-MYUUwkSnDt+Hn5HUvPJ7f54umm/XGrRFVtLR52tWy2o=",
        "owner": "nixos",
        "repo": "nix",
        "rev": "0765ffa540e2adfda7b69efafdbac821ebc48034",
        "type": "github"
      },
      "original": {
        "owner": "nixos",
        "repo": "nix",
        "type": "github"
      }
    },
    "nix-15793": {
      "inputs": {
        "flake-compat": "flake-compat_2",
        "flake-parts": "flake-parts_2",
        "git-hooks-nix": "git-hooks-nix_2",
        "nixpkgs": "nixpkgs_2",
        "nixpkgs-23-11": "nixpkgs-23-11_2",
        "nixpkgs-regression": "nixpkgs-regression_2"
      },
      "locked": {
        "lastModified": 1785708834,
        "narHash": "sha256-aOAsikSo5+RrGMMpdF0n1vj1EavH/tFJ6bfP03+gaSs=",
        "owner": "NixOS",
        "repo": "nix",
        "rev": "8307c48d25b90582c3e49999cee4a7a46495d2b7",
        "type": "github"
      },
      "original": {
        "owner": "NixOS",
        "repo": "nix",
        "type": "github"
      }
    },
    "nixgg": {
      "inputs": {
        "ffmpeg-src": "ffmpeg-src",
        "fmt-src": "fmt-src",
        "gcc-src": "gcc-src",
        "llvm-src": "llvm-src",
        "lua-src": "lua-src",
        "mosh-src": "mosh-src",
        "nix-15793": "nix-15793",
        "nixpkgs": [
          "nixpkgs"
        ],
        "redis-src": "redis-src"
      },
      "locked": {
        "lastModified": 1787939553,
        "narHash": "sha256-N2h2/L2VJ34etJ9SbLhMR03RYdSjdLstAtmfWIMi134=",
        "owner": "tomberek",
        "repo": "nixgg",
        "rev": "976a9308449e64e22ab6e81a4c54f1bfc827603e",
        "type": "github"
      },
      "original": {
        "owner": "tomberek",
        "repo": "nixgg",
        "type": "github"
      }
    },
    "nixpkgs": {
      "locked": {
        "lastModified": 1783148766,
        "narHash": "sha256-H9+N+GFtsbVC8ZniHliChM7ndizxtqVZs6bnGOLM3WQ=",
        "rev": "a50de1b7d8a586adc18d2395c19de7d6058e6030",
        "type": "tarball",
        "url": "https://releases.nixos.org/nixos/26.05/nixos-26.05.4193.a50de1b7d8a5/nixexprs.tar.xz"
      },
      "original": {
        "type": "tarball",
        "url": "https://channels.nixos.org/nixos-26.05/nixexprs.tar.xz"
      }
    },
    "nixpkgs-23-11": {
      "locked": {
        "lastModified": 1717159533,
        "narHash": "sha256-oamiKNfr2MS6yH64rUn99mIZjc45nGJlj9eGth/3Xuw=",
        "owner": "NixOS",
        "repo": "nixpkgs",
        "rev": "a62e6edd6d5e1fa0329b8653c801147986f8d446",
        "type": "github"
      },
      "original": {
        "owner": "NixOS",
        "repo": "nixpkgs",
        "rev": "a62e6edd6d5e1fa0329b8653c801147986f8d446",
        "type": "github"
      }
    },
    "nixpkgs-23-11_2": {
      "locked": {
        "lastModified": 1717159533,
        "narHash": "sha256-oamiKNfr2MS6yH64rUn99mIZjc45nGJlj9eGth/3Xuw=",
        "owner": "NixOS",
        "repo": "nixpkgs",
        "rev": "a62e6edd6d5e1fa0329b8653c801147986f8d446",
        "type": "github"
      },
      "original": {
        "owner": "NixOS",
        "repo": "nixpkgs",
        "rev": "a62e6edd6d5e1fa0329b8653c801147986f8d446",
        "type": "github"
      }
    },
    "nixpkgs-regression": {
      "locked": {
        "lastModified": 1643052045,
        "narHash": "sha256-uGJ0VXIhWKGXxkeNnq4TvV3CIOkUJ3PAoLZ3HMzNVMw=",
        "owner": "NixOS",
        "repo": "nixpkgs",
        "rev": "215d4d0fd80ca5163643b03a33fde804a29cc1e2",
        "type": "github"
      },
      "original": {
        "owner": "NixOS",
        "repo": "nixpkgs",
        "rev": "215d4d0fd80ca5163643b03a33fde804a29cc1e2",
        "type": "github"
      }
    },
    "nixpkgs-regression_2": {
      "locked": {
        "lastModified": 1643052045,
        "narHash": "sha256-uGJ0VXIhWKGXxkeNnq4TvV3CIOkUJ3PAoLZ3HMzNVMw=",
        "owner": "NixOS",
        "repo": "nixpkgs",
        "rev": "215d4d0fd80ca5163643b03a33fde804a29cc1e2",
        "type": "github"
      },
      "original": {
        "owner": "NixOS",
        "repo": "nixpkgs",
        "rev": "215d4d0fd80ca5163643b03a33fde804a29cc1e2",
        "type": "github"
      }
    },
    "nixpkgs_2": {
      "locked": {
        "lastModified": 1783148766,
        "narHash": "sha256-H9+N+GFtsbVC8ZniHliChM7ndizxtqVZs6bnGOLM3WQ=",
        "rev": "a50de1b7d8a586adc18d2395c19de7d6058e6030",
        "type": "tarball",
        "url": "https://releases.nixos.org/nixos/26.05/nixos-26.05.4193.a50de1b7d8a5/nixexprs.tar.xz"
      },
      "original": {
        "type": "tarball",
        "url": "https://channels.nixos.org/nixos-26.05/nixexprs.tar.xz"
      }
    },
    "nixpkgs_3": {
      "locked": {
        "lastModified": 1789264731,
        "narHash": "sha256-llGJbC0CcU8DfROr6mZjRJgMLQd/SKwfpzxJH/2lHO4=",
        "owner": "nixos",
        "repo": "nixpkgs",
        "rev": "02f5696b0e6097e589076d886b317b83ff0437d7",
        "type": "github"
      },
      "original": {
        "owner": "nixos",
        "ref": "nixpkgs-unstable",
        "repo": "nixpkgs",
        "type": "github"
      }
    },
    "redis-src": {
      "flake": false,
      "locked": {
        "lastModified": 1759439623,
        "narHash": "sha256-0TMUSNCrDEtOkojcmFFhmLQ0ghyLAn+OS4xl4Sbr76c=",
        "owner": "redis",
        "repo": "redis",
        "rev": "d85b5f4c2cc597da78989bc48d6b38b895c186f6",
        "type": "github"
      },
      "original": {
        "owner": "redis",
        "ref": "8.2.2",
        "repo": "redis",
        "type": "github"
      }
    },
    "root": {
      "inputs": {
        "dyndrv": "dyndrv",
        "nixgg": "nixgg",
        "nixpkgs": "nixpkgs_3"
      }
    }
  },
  "root": "root",
  "version": 7
}
